
Microsoft Visual Studio Solution File, Format Version 12.00
# Visual Studio Version 17
VisualStudioVersion = 17.5.002.0
MinimumVisualStudioVersion = 10.0.40219.1
Project("{9A19103F-16F7-4668-BE54-9A1E7A4F7556}") = "MiFrontendBlazor", "MiFrontendBlazor.csproj", "{45FB14C7-1B6F-4EBA-A18E-1224978AAC83}"
EndProject
Global
	GlobalSection(SolutionConfigurationPlatforms) = preSolution
		Debug|Any CPU = Debug|Any CPU
		Release|Any CPU = Release|Any CPU
	EndGlobalSection
	GlobalSection(ProjectConfigurationPlatforms) = postSolution
		{45FB14C7-1B6F-4EBA-A18E-1224978AAC83}.Debug|Any CPU.ActiveCfg = Debug|Any CPU
		{45FB14C7-1B6F-4EBA-A18E-1224978AAC83}.Debug|Any CPU.Build.0 = Debug|Any CPU
		{45FB14C7-1B6F-4EBA-A18E-1224978AAC83}.Release|Any CPU.ActiveCfg = Release|Any CPU
		{45FB14C7-1B6F-4EBA-A18E-1224978AAC83}.Release|Any CPU.Build.0 = Release|Any CPU
	EndGlobalSection
	GlobalSection(SolutionProperties) = preSolution
		HideSolutionNode = FALSE
	EndGlobalSection
	GlobalSection(ExtensibilityGlobals) = postSolution
		SolutionGuid = {34808731-7322-4310-8EEB-E93954A53350}
	EndGlobalSection
EndGlobal
